// !$*UTF8*$!
{
	archiveVersion = 1;
	classes = {
	};
	objectVersion = 56;
	objects = {

/* Begin PBXBuildFile section */
		DB61A27A2BFFE62000E1010E /* MyAccountsView.swift in Sources */ = {isa = PBXBuildFile; fileRef = DB61A2792BFFE62000E1010E /* MyAccountsView.swift */; };
		DB61A27C2BFFE64300E1010E /* SimulationView.swift in Sources */ = {isa = PBXBuildFile; fileRef = DB61A27B2BFFE64300E1010E /* SimulationView.swift */; };
		DB61A27E2BFFE65800E1010E /* UpToYouView.swift in Sources */ = {isa = PBXBuildFile; fileRef = DB61A27D2BFFE65800E1010E /* UpToYouView.swift */; };
		DB61A2862BFFEE8800E1010E /* BanksResponse.swift in Sources */ = {isa = PBXBuildFile; fileRef = DB61A2852BFFEE8800E1010E /* BanksResponse.swift */; };
		DB61A28D2BFFF4FD00E1010E /* ApiClient.swift in Sources */ = {isa = PBXBuildFile; fileRef = DB61A2872BFFF4FC00E1010E /* ApiClient.swift */; };
		DB61A28E2BFFF4FD00E1010E /* AccountsClient.swift in Sources */ = {isa = PBXBuildFile; fileRef = DB61A2882BFFF4FC00E1010E /* AccountsClient.swift */; };
		DB61A28F2BFFF4FD00E1010E /* EndPoint.swift in Sources */ = {isa = PBXBuildFile; fileRef = DB61A28A2BFFF4FD00E1010E /* EndPoint.swift */; };
		DB61A2902BFFF4FD00E1010E /* AccountsEndPoint.swift in Sources */ = {isa = PBXBuildFile; fileRef = DB61A28B2BFFF4FD00E1010E /* AccountsEndPoint.swift */; };
		DB61A2952BFFF5D100E1010E /* Constants.swift in Sources */ = {isa = PBXBuildFile; fileRef = DB61A2932BFFF5D100E1010E /* Constants.swift */; };
		DB61A29C2BFFF7FE00E1010E /* Data+extension.swift in Sources */ = {isa = PBXBuildFile; fileRef = DB61A2972BFFF7FE00E1010E /* Data+extension.swift */; };
		DB61A2A02C00D3A700E1010E /* banks.json in Resources */ = {isa = PBXBuildFile; fileRef = DB61A29F2C00D3A600E1010E /* banks.json */; };
		DB61A2A32C00D46C00E1010E /* MyAccountsViewModel.swift in Sources */ = {isa = PBXBuildFile; fileRef = DB61A2A22C00D46C00E1010E /* MyAccountsViewModel.swift */; };
		DB61A2A62C0103F300E1010E /* BankAccountRowView.swift in Sources */ = {isa = PBXBuildFile; fileRef = DB61A2A52C0103F300E1010E /* BankAccountRowView.swift */; };
		DB61A2A92C01045300E1010E /* AccountRowView.swift in Sources */ = {isa = PBXBuildFile; fileRef = DB61A2A82C01045300E1010E /* AccountRowView.swift */; };
		DB61A2AC2C012A8300E1010E /* AccountSection.swift in Sources */ = {isa = PBXBuildFile; fileRef = DB61A2AB2C012A8300E1010E /* AccountSection.swift */; };
		DB61A2B02C0211F800E1010E /* AccountDetailView.swift in Sources */ = {isa = PBXBuildFile; fileRef = DB61A2AF2C0211F800E1010E /* AccountDetailView.swift */; };
		DB61A2B42C02124800E1010E /* AccountDetailViewModel.swift in Sources */ = {isa = PBXBuildFile; fileRef = DB61A2B32C02124800E1010E /* AccountDetailViewModel.swift */; };
		DB61A2B62C02141700E1010E /* MockData.swift in Sources */ = {isa = PBXBuildFile; fileRef = DB61A2B52C02141700E1010E /* MockData.swift */; };
		DB61A2B92C02224200E1010E /* String+extension.swift in Sources */ = {isa = PBXBuildFile; fileRef = DB61A2B82C02224200E1010E /* String+extension.swift */; };
		DB61A2BB2C0231DA00E1010E /* OperationRowView.swift in Sources */ = {isa = PBXBuildFile; fileRef = DB61A2BA2C0231DA00E1010E /* OperationRowView.swift */; };
		DB61A2BD2C02917100E1010E /* Date+extension.swift in Sources */ = {isa = PBXBuildFile; fileRef = DB61A2BC2C02917100E1010E /* Date+extension.swift */; };
		DB67AB762C03EFF8003F06C8 /* Coordinator.swift in Sources */ = {isa = PBXBuildFile; fileRef = DB67AB752C03EFF8003F06C8 /* Coordinator.swift */; };
		DB67AB782C03F19B003F06C8 /* CoordinatorView.swift in Sources */ = {isa = PBXBuildFile; fileRef = DB67AB772C03F19A003F06C8 /* CoordinatorView.swift */; };
		DB67AB7E2C0499E4003F06C8 /* ApiConfig.swift in Sources */ = {isa = PBXBuildFile; fileRef = DB67AB7D2C0499E4003F06C8 /* ApiConfig.swift */; };
		DB7239C52C0628FA0014A6BE /* APIClientTests.swift in Sources */ = {isa = PBXBuildFile; fileRef = DB7239C42C0628FA0014A6BE /* APIClientTests.swift */; };
		DB7239C62C062A3E0014A6BE /* ApiClient.swift in Sources */ = {isa = PBXBuildFile; fileRef = DB61A2872BFFF4FC00E1010E /* ApiClient.swift */; };
		DB8C4B6F2BFE7752008E3335 /* BanksApp.swift in Sources */ = {isa = PBXBuildFile; fileRef = DB8C4B6E2BFE7752008E3335 /* BanksApp.swift */; };
		DB8C4B712BFE7752008E3335 /* ContentView.swift in Sources */ = {isa = PBXBuildFile; fileRef = DB8C4B702BFE7752008E3335 /* ContentView.swift */; };
		DB8C4B732BFE7755008E3335 /* Assets.xcassets in Resources */ = {isa = PBXBuildFile; fileRef = DB8C4B722BFE7755008E3335 /* Assets.xcassets */; };
		DB8C4B762BFE7755008E3335 /* Preview Assets.xcassets in Resources */ = {isa = PBXBuildFile; fileRef = DB8C4B752BFE7755008E3335 /* Preview Assets.xcassets */; };
		DB8C4B8C2BFE7756008E3335 /* BanksUITestsLaunchTests.swift in Sources */ = {isa = PBXBuildFile; fileRef = DB8C4B8B2BFE7756008E3335 /* BanksUITestsLaunchTests.swift */; };
		DB9D90392C0639B90003AC80 /* Constants.swift in Sources */ = {isa = PBXBuildFile; fileRef = DB61A2932BFFF5D100E1010E /* Constants.swift */; };
		DB9D903B2C063A580003AC80 /* MockApiClient.swift in Sources */ = {isa = PBXBuildFile; fileRef = DB9D903A2C063A580003AC80 /* MockApiClient.swift */; };
		DB9D903D2C0643530003AC80 /* CoordinatorTests.swift in Sources */ = {isa = PBXBuildFile; fileRef = DB9D903C2C0643530003AC80 /* CoordinatorTests.swift */; };
		DB9D903E2C0643ED0003AC80 /* Coordinator.swift in Sources */ = {isa = PBXBuildFile; fileRef = DB67AB752C03EFF8003F06C8 /* Coordinator.swift */; };
		DB9D90402C0648380003AC80 /* AccountDetailView.swift in Sources */ = {isa = PBXBuildFile; fileRef = DB61A2AF2C0211F800E1010E /* AccountDetailView.swift */; };
		DB9D90432C0657A10003AC80 /* ContentView.swift in Sources */ = {isa = PBXBuildFile; fileRef = DB8C4B702BFE7752008E3335 /* ContentView.swift */; };
		DB9D90442C0657BD0003AC80 /* BanksResponse.swift in Sources */ = {isa = PBXBuildFile; fileRef = DB61A2852BFFEE8800E1010E /* BanksResponse.swift */; };
		DB9D90452C0657DD0003AC80 /* MockData.swift in Sources */ = {isa = PBXBuildFile; fileRef = DB61A2B52C02141700E1010E /* MockData.swift */; };
		DB9D90462C06593A0003AC80 /* OperationRowView.swift in Sources */ = {isa = PBXBuildFile; fileRef = DB61A2BA2C0231DA00E1010E /* OperationRowView.swift */; };
		DB9D90472C065A1D0003AC80 /* AccountDetailViewModel.swift in Sources */ = {isa = PBXBuildFile; fileRef = DB61A2B32C02124800E1010E /* AccountDetailViewModel.swift */; };
		DB9D90482C065A4B0003AC80 /* MyAccountsViewModel.swift in Sources */ = {isa = PBXBuildFile; fileRef = DB61A2A22C00D46C00E1010E /* MyAccountsViewModel.swift */; };
		DB9D90492C065A690003AC80 /* AccountsClient.swift in Sources */ = {isa = PBXBuildFile; fileRef = DB61A2882BFFF4FC00E1010E /* AccountsClient.swift */; };
		DB9D904A2C065A800003AC80 /* MyAccountsView.swift in Sources */ = {isa = PBXBuildFile; fileRef = DB61A2792BFFE62000E1010E /* MyAccountsView.swift */; };
		DB9D904B2C065AA60003AC80 /* Date+extension.swift in Sources */ = {isa = PBXBuildFile; fileRef = DB61A2BC2C02917100E1010E /* Date+extension.swift */; };
		DB9D904C2C065AB80003AC80 /* String+extension.swift in Sources */ = {isa = PBXBuildFile; fileRef = DB61A2B82C02224200E1010E /* String+extension.swift */; };
		DB9D904D2C065AC90003AC80 /* SimulationView.swift in Sources */ = {isa = PBXBuildFile; fileRef = DB61A27B2BFFE64300E1010E /* SimulationView.swift */; };
		DB9D904E2C065B1B0003AC80 /* UpToYouView.swift in Sources */ = {isa = PBXBuildFile; fileRef = DB61A27D2BFFE65800E1010E /* UpToYouView.swift */; };
		DB9D904F2C065B380003AC80 /* AccountSection.swift in Sources */ = {isa = PBXBuildFile; fileRef = DB61A2AB2C012A8300E1010E /* AccountSection.swift */; };
		DB9D90502C065B430003AC80 /* AccountsEndPoint.swift in Sources */ = {isa = PBXBuildFile; fileRef = DB61A28B2BFFF4FD00E1010E /* AccountsEndPoint.swift */; };
		DB9D90512C065B5A0003AC80 /* BankAccountRowView.swift in Sources */ = {isa = PBXBuildFile; fileRef = DB61A2A52C0103F300E1010E /* BankAccountRowView.swift */; };
		DB9D90522C065B720003AC80 /* AccountRowView.swift in Sources */ = {isa = PBXBuildFile; fileRef = DB61A2A82C01045300E1010E /* AccountRowView.swift */; };
		DB9D90542C0663420003AC80 /* RootViewUITests.swift in Sources */ = {isa = PBXBuildFile; fileRef = DB9D90532C0663420003AC80 /* RootViewUITests.swift */; };
		DB9D90552C066B840003AC80 /* Coordinator.swift in Sources */ = {isa = PBXBuildFile; fileRef = DB67AB752C03EFF8003F06C8 /* Coordinator.swift */; };
		DB9D90562C066BD60003AC80 /* MockData.swift in Sources */ = {isa = PBXBuildFile; fileRef = DB61A2B52C02141700E1010E /* MockData.swift */; };
		DB9D90572C066C490003AC80 /* BanksResponse.swift in Sources */ = {isa = PBXBuildFile; fileRef = DB61A2852BFFEE8800E1010E /* BanksResponse.swift */; };
		DB9D90582C066C5B0003AC80 /* ContentView.swift in Sources */ = {isa = PBXBuildFile; fileRef = DB8C4B702BFE7752008E3335 /* ContentView.swift */; };
		DB9D90592C066C5F0003AC80 /* MyAccountsView.swift in Sources */ = {isa = PBXBuildFile; fileRef = DB61A2792BFFE62000E1010E /* MyAccountsView.swift */; };
		DB9D905A2C066C640003AC80 /* BankAccountRowView.swift in Sources */ = {isa = PBXBuildFile; fileRef = DB61A2A52C0103F300E1010E /* BankAccountRowView.swift */; };
		DB9D905B2C066C670003AC80 /* MyAccountsViewModel.swift in Sources */ = {isa = PBXBuildFile; fileRef = DB61A2A22C00D46C00E1010E /* MyAccountsViewModel.swift */; };
		DB9D905C2C066C6B0003AC80 /* AccountDetailView.swift in Sources */ = {isa = PBXBuildFile; fileRef = DB61A2AF2C0211F800E1010E /* AccountDetailView.swift */; };
		DB9D905D2C066C6E0003AC80 /* OperationRowView.swift in Sources */ = {isa = PBXBuildFile; fileRef = DB61A2BA2C0231DA00E1010E /* OperationRowView.swift */; };
		DB9D905E2C066C720003AC80 /* AccountDetailViewModel.swift in Sources */ = {isa = PBXBuildFile; fileRef = DB61A2B32C02124800E1010E /* AccountDetailViewModel.swift */; };
		DB9D905F2C066C770003AC80 /* SimulationView.swift in Sources */ = {isa = PBXBuildFile; fileRef = DB61A27B2BFFE64300E1010E /* SimulationView.swift */; };
		DB9D90602C066C7A0003AC80 /* UpToYouView.swift in Sources */ = {isa = PBXBuildFile; fileRef = DB61A27D2BFFE65800E1010E /* UpToYouView.swift */; };
		DB9D90612C066C850003AC80 /* AccountRowView.swift in Sources */ = {isa = PBXBuildFile; fileRef = DB61A2A82C01045300E1010E /* AccountRowView.swift */; };
		DB9D90622C066C890003AC80 /* AccountSection.swift in Sources */ = {isa = PBXBuildFile; fileRef = DB61A2AB2C012A8300E1010E /* AccountSection.swift */; };
		DB9D90632C066C930003AC80 /* Constants.swift in Sources */ = {isa = PBXBuildFile; fileRef = DB61A2932BFFF5D100E1010E /* Constants.swift */; };
		DB9D90642C066CD00003AC80 /* Date+extension.swift in Sources */ = {isa = PBXBuildFile; fileRef = DB61A2BC2C02917100E1010E /* Date+extension.swift */; };
		DB9D90652C066CD30003AC80 /* String+extension.swift in Sources */ = {isa = PBXBuildFile; fileRef = DB61A2B82C02224200E1010E /* String+extension.swift */; };
		DB9D90662C066CDB0003AC80 /* Data+extension.swift in Sources */ = {isa = PBXBuildFile; fileRef = DB61A2972BFFF7FE00E1010E /* Data+extension.swift */; };
		DB9D90672C066D110003AC80 /* ApiConfig.swift in Sources */ = {isa = PBXBuildFile; fileRef = DB67AB7D2C0499E4003F06C8 /* ApiConfig.swift */; };
		DB9D90682C066D150003AC80 /* ApiClient.swift in Sources */ = {isa = PBXBuildFile; fileRef = DB61A2872BFFF4FC00E1010E /* ApiClient.swift */; };
		DB9D90692C066D190003AC80 /* AccountsClient.swift in Sources */ = {isa = PBXBuildFile; fileRef = DB61A2882BFFF4FC00E1010E /* AccountsClient.swift */; };
		DB9D906A2C066D1D0003AC80 /* EndPoint.swift in Sources */ = {isa = PBXBuildFile; fileRef = DB61A28A2BFFF4FD00E1010E /* EndPoint.swift */; };
		DB9D906B2C066D210003AC80 /* AccountsEndPoint.swift in Sources */ = {isa = PBXBuildFile; fileRef = DB61A28B2BFFF4FD00E1010E /* AccountsEndPoint.swift */; };
		DB9D906C2C066D770003AC80 /* Data+extension.swift in Sources */ = {isa = PBXBuildFile; fileRef = DB61A2972BFFF7FE00E1010E /* Data+extension.swift */; };
		DB9D90702C06927E0003AC80 /* ErrorView.swift in Sources */ = {isa = PBXBuildFile; fileRef = DB9D906F2C06927E0003AC80 /* ErrorView.swift */; };
		DB9D90712C069E450003AC80 /* ErrorView.swift in Sources */ = {isa = PBXBuildFile; fileRef = DB9D906F2C06927E0003AC80 /* ErrorView.swift */; };
		DB9D90722C069E470003AC80 /* ErrorView.swift in Sources */ = {isa = PBXBuildFile; fileRef = DB9D906F2C06927E0003AC80 /* ErrorView.swift */; };
		DBA143252C05EE3700784A47 /* MockEndPoint.swift in Sources */ = {isa = PBXBuildFile; fileRef = DB67AB7F2C04AF3B003F06C8 /* MockEndPoint.swift */; };
		DBD6FC442C060043008079E7 /* EndPoint.swift in Sources */ = {isa = PBXBuildFile; fileRef = DB61A28A2BFFF4FD00E1010E /* EndPoint.swift */; };
		DBD6FC462C060059008079E7 /* ApiConfig.swift in Sources */ = {isa = PBXBuildFile; fileRef = DB67AB7D2C0499E4003F06C8 /* ApiConfig.swift */; };
/* End PBXBuildFile section */

/* Begin PBXContainerItemProxy section */
		DB8C4B7C2BFE7756008E3335 /* PBXContainerItemProxy */ = {
			isa = PBXContainerItemProxy;
			containerPortal = DB8C4B632BFE7751008E3335 /* Project object */;
			proxyType = 1;
			remoteGlobalIDString = DB8C4B6A2BFE7752008E3335;
			remoteInfo = Banks;
		};
		DB8C4B862BFE7756008E3335 /* PBXContainerItemProxy */ = {
			isa = PBXContainerItemProxy;
			containerPortal = DB8C4B632BFE7751008E3335 /* Project object */;
			proxyType = 1;
			remoteGlobalIDString = DB8C4B6A2BFE7752008E3335;
			remoteInfo = Banks;
		};
/* End PBXContainerItemProxy section */

/* Begin PBXFileReference section */
		DB61A2792BFFE62000E1010E /* MyAccountsView.swift */ = {isa = PBXFileReference; lastKnownFileType = sourcecode.swift; path = MyAccountsView.swift; sourceTree = "<group>"; };
		DB61A27B2BFFE64300E1010E /* SimulationView.swift */ = {isa = PBXFileReference; lastKnownFileType = sourcecode.swift; path = SimulationView.swift; sourceTree = "<group>"; };
		DB61A27D2BFFE65800E1010E /* UpToYouView.swift */ = {isa = PBXFileReference; lastKnownFileType = sourcecode.swift; path = UpToYouView.swift; sourceTree = "<group>"; };
		DB61A2852BFFEE8800E1010E /* BanksResponse.swift */ = {isa = PBXFileReference; lastKnownFileType = sourcecode.swift; path = BanksResponse.swift; sourceTree = "<group>"; };
		DB61A2872BFFF4FC00E1010E /* ApiClient.swift */ = {isa = PBXFileReference; fileEncoding = 4; lastKnownFileType = sourcecode.swift; path = ApiClient.swift; sourceTree = "<group>"; };
		DB61A2882BFFF4FC00E1010E /* AccountsClient.swift */ = {isa = PBXFileReference; fileEncoding = 4; lastKnownFileType = sourcecode.swift; path = AccountsClient.swift; sourceTree = "<group>"; };
		DB61A28A2BFFF4FD00E1010E /* EndPoint.swift */ = {isa = PBXFileReference; fileEncoding = 4; lastKnownFileType = sourcecode.swift; path = EndPoint.swift; sourceTree = "<group>"; };
		DB61A28B2BFFF4FD00E1010E /* AccountsEndPoint.swift */ = {isa = PBXFileReference; fileEncoding = 4; lastKnownFileType = sourcecode.swift; path = AccountsEndPoint.swift; sourceTree = "<group>"; };
		DB61A2932BFFF5D100E1010E /* Constants.swift */ = {isa = PBXFileReference; fileEncoding = 4; lastKnownFileType = sourcecode.swift; path = Constants.swift; sourceTree = "<group>"; };
		DB61A2972BFFF7FE00E1010E /* Data+extension.swift */ = {isa = PBXFileReference; fileEncoding = 4; lastKnownFileType = sourcecode.swift; path = "Data+extension.swift"; sourceTree = "<group>"; };
		DB61A29F2C00D3A600E1010E /* banks.json */ = {isa = PBXFileReference; fileEncoding = 4; lastKnownFileType = text.json; path = banks.json; sourceTree = "<group>"; };
		DB61A2A22C00D46C00E1010E /* MyAccountsViewModel.swift */ = {isa = PBXFileReference; lastKnownFileType = sourcecode.swift; path = MyAccountsViewModel.swift; sourceTree = "<group>"; };
		DB61A2A52C0103F300E1010E /* BankAccountRowView.swift */ = {isa = PBXFileReference; lastKnownFileType = sourcecode.swift; path = BankAccountRowView.swift; sourceTree = "<group>"; };
		DB61A2A82C01045300E1010E /* AccountRowView.swift */ = {isa = PBXFileReference; lastKnownFileType = sourcecode.swift; path = AccountRowView.swift; sourceTree = "<group>"; };
		DB61A2AB2C012A8300E1010E /* AccountSection.swift */ = {isa = PBXFileReference; lastKnownFileType = sourcecode.swift; path = AccountSection.swift; sourceTree = "<group>"; };
		DB61A2AF2C0211F800E1010E /* AccountDetailView.swift */ = {isa = PBXFileReference; lastKnownFileType = sourcecode.swift; path = AccountDetailView.swift; sourceTree = "<group>"; };
		DB61A2B32C02124800E1010E /* AccountDetailViewModel.swift */ = {isa = PBXFileReference; lastKnownFileType = sourcecode.swift; path = AccountDetailViewModel.swift; sourceTree = "<group>"; };
		DB61A2B52C02141700E1010E /* MockData.swift */ = {isa = PBXFileReference; lastKnownFileType = sourcecode.swift; path = MockData.swift; sourceTree = "<group>"; };
		DB61A2B82C02224200E1010E /* String+extension.swift */ = {isa = PBXFileReference; lastKnownFileType = sourcecode.swift; path = "String+extension.swift"; sourceTree = "<group>"; };
		DB61A2BA2C0231DA00E1010E /* OperationRowView.swift */ = {isa = PBXFileReference; lastKnownFileType = sourcecode.swift; path = OperationRowView.swift; sourceTree = "<group>"; };
		DB61A2BC2C02917100E1010E /* Date+extension.swift */ = {isa = PBXFileReference; lastKnownFileType = sourcecode.swift; path = "Date+extension.swift"; sourceTree = "<group>"; };
		DB67AB752C03EFF8003F06C8 /* Coordinator.swift */ = {isa = PBXFileReference; lastKnownFileType = sourcecode.swift; path = Coordinator.swift; sourceTree = "<group>"; };
		DB67AB772C03F19A003F06C8 /* CoordinatorView.swift */ = {isa = PBXFileReference; lastKnownFileType = sourcecode.swift; path = CoordinatorView.swift; sourceTree = "<group>"; };
		DB67AB7D2C0499E4003F06C8 /* ApiConfig.swift */ = {isa = PBXFileReference; lastKnownFileType = sourcecode.swift; path = ApiConfig.swift; sourceTree = "<group>"; };
		DB67AB7F2C04AF3B003F06C8 /* MockEndPoint.swift */ = {isa = PBXFileReference; lastKnownFileType = sourcecode.swift; path = MockEndPoint.swift; sourceTree = "<group>"; };
		DB7239C42C0628FA0014A6BE /* APIClientTests.swift */ = {isa = PBXFileReference; lastKnownFileType = sourcecode.swift; path = APIClientTests.swift; sourceTree = "<group>"; };
		DB8C4B6B2BFE7752008E3335 /* Banks.app */ = {isa = PBXFileReference; explicitFileType = wrapper.application; includeInIndex = 0; path = Banks.app; sourceTree = BUILT_PRODUCTS_DIR; };
		DB8C4B6E2BFE7752008E3335 /* BanksApp.swift */ = {isa = PBXFileReference; lastKnownFileType = sourcecode.swift; path = BanksApp.swift; sourceTree = "<group>"; };
		DB8C4B702BFE7752008E3335 /* ContentView.swift */ = {isa = PBXFileReference; lastKnownFileType = sourcecode.swift; path = ContentView.swift; sourceTree = "<group>"; };
		DB8C4B722BFE7755008E3335 /* Assets.xcassets */ = {isa = PBXFileReference; lastKnownFileType = folder.assetcatalog; path = Assets.xcassets; sourceTree = "<group>"; };
		DB8C4B752BFE7755008E3335 /* Preview Assets.xcassets */ = {isa = PBXFileReference; lastKnownFileType = folder.assetcatalog; path = "Preview Assets.xcassets"; sourceTree = "<group>"; };
		DB8C4B7B2BFE7756008E3335 /* BanksTests.xctest */ = {isa = PBXFileReference; explicitFileType = wrapper.cfbundle; includeInIndex = 0; path = BanksTests.xctest; sourceTree = BUILT_PRODUCTS_DIR; };
		DB8C4B852BFE7756008E3335 /* BanksUITests.xctest */ = {isa = PBXFileReference; explicitFileType = wrapper.cfbundle; includeInIndex = 0; path = BanksUITests.xctest; sourceTree = BUILT_PRODUCTS_DIR; };
		DB8C4B8B2BFE7756008E3335 /* BanksUITestsLaunchTests.swift */ = {isa = PBXFileReference; lastKnownFileType = sourcecode.swift; path = BanksUITestsLaunchTests.swift; sourceTree = "<group>"; };
		DB9D903A2C063A580003AC80 /* MockApiClient.swift */ = {isa = PBXFileReference; lastKnownFileType = sourcecode.swift; path = MockApiClient.swift; sourceTree = "<group>"; };
		DB9D903C2C0643530003AC80 /* CoordinatorTests.swift */ = {isa = PBXFileReference; lastKnownFileType = sourcecode.swift; path = CoordinatorTests.swift; sourceTree = "<group>"; };
		DB9D90532C0663420003AC80 /* RootViewUITests.swift */ = {isa = PBXFileReference; lastKnownFileType = sourcecode.swift; path = RootViewUITests.swift; sourceTree = "<group>"; };
		DB9D906F2C06927E0003AC80 /* ErrorView.swift */ = {isa = PBXFileReference; lastKnownFileType = sourcecode.swift; path = ErrorView.swift; sourceTree = "<group>"; };
/* End PBXFileReference section */

/* Begin PBXFrameworksBuildPhase section */
		DB8C4B682BFE7752008E3335 /* Frameworks */ = {
			isa = PBXFrameworksBuildPhase;
			buildActionMask = 2147483647;
			files = (
			);
			runOnlyForDeploymentPostprocessing = 0;
		};
		DB8C4B782BFE7756008E3335 /* Frameworks */ = {
			isa = PBXFrameworksBuildPhase;
			buildActionMask = 2147483647;
			files = (
			);
			runOnlyForDeploymentPostprocessing = 0;
		};
		DB8C4B822BFE7756008E3335 /* Frameworks */ = {
			isa = PBXFrameworksBuildPhase;
			buildActionMask = 2147483647;
			files = (
			);
			runOnlyForDeploymentPostprocessing = 0;
		};
/* End PBXFrameworksBuildPhase section */

/* Begin PBXGroup section */
		DB61A2782BFFE60C00E1010E /* Screens */ = {
			isa = PBXGroup;
			children = (
				DB8C4B702BFE7752008E3335 /* ContentView.swift */,
				DB61A27F2BFFE7D500E1010E /* MyAccounts */,
				DB61A2AE2C0211C300E1010E /* AccountDetail */,
				DB61A2802BFFE7F500E1010E /* Simulation */,
				DB61A2812BFFE82000E1010E /* UpToYou */,
			);
			path = Screens;
			sourceTree = "<group>";
		};
		DB61A27F2BFFE7D500E1010E /* MyAccounts */ = {
			isa = PBXGroup;
			children = (
				DB61A2A42C0103D800E1010E /* View */,
				DB61A2AA2C01049100E1010E /* ViewModel */,
			);
			path = MyAccounts;
			sourceTree = "<group>";
		};
		DB61A2802BFFE7F500E1010E /* Simulation */ = {
			isa = PBXGroup;
			children = (
				DB61A27B2BFFE64300E1010E /* SimulationView.swift */,
			);
			path = Simulation;
			sourceTree = "<group>";
		};
		DB61A2812BFFE82000E1010E /* UpToYou */ = {
			isa = PBXGroup;
			children = (
				DB61A27D2BFFE65800E1010E /* UpToYouView.swift */,
			);
			path = UpToYou;
			sourceTree = "<group>";
		};
		DB61A2822BFFE9C800E1010E /* App */ = {
			isa = PBXGroup;
			children = (
				DB8C4B6E2BFE7752008E3335 /* BanksApp.swift */,
			);
			path = App;
			sourceTree = "<group>";
		};
		DB61A2832BFFE9DF00E1010E /* Networking */ = {
			isa = PBXGroup;
			children = (
				DB67AB7D2C0499E4003F06C8 /* ApiConfig.swift */,
				DB61A2892BFFF4FC00E1010E /* ApiClients */,
				DB61A28C2BFFF4FD00E1010E /* EndPoints */,
			);
			path = Networking;
			sourceTree = "<group>";
		};
		DB61A2842BFFE9FD00E1010E /* Models */ = {
			isa = PBXGroup;
			children = (
				DB61A2852BFFEE8800E1010E /* BanksResponse.swift */,
			);
			path = Models;
			sourceTree = "<group>";
		};
		DB61A2892BFFF4FC00E1010E /* ApiClients */ = {
			isa = PBXGroup;
			children = (
				DB61A2872BFFF4FC00E1010E /* ApiClient.swift */,
				DB61A2882BFFF4FC00E1010E /* AccountsClient.swift */,
			);
			path = ApiClients;
			sourceTree = "<group>";
		};
		DB61A28C2BFFF4FD00E1010E /* EndPoints */ = {
			isa = PBXGroup;
			children = (
				DB61A28A2BFFF4FD00E1010E /* EndPoint.swift */,
				DB61A28B2BFFF4FD00E1010E /* AccountsEndPoint.swift */,
			);
			path = EndPoints;
			sourceTree = "<group>";
		};
		DB61A2942BFFF5D100E1010E /* Utils */ = {
			isa = PBXGroup;
			children = (
				DB61A2932BFFF5D100E1010E /* Constants.swift */,
			);
			path = Utils;
			sourceTree = "<group>";
		};
		DB61A29A2BFFF7FE00E1010E /* Extensions */ = {
			isa = PBXGroup;
			children = (
				DB61A2972BFFF7FE00E1010E /* Data+extension.swift */,
				DB61A2B82C02224200E1010E /* String+extension.swift */,
				DB61A2BC2C02917100E1010E /* Date+extension.swift */,
			);
			path = Extensions;
			sourceTree = "<group>";
		};
		DB61A2A12C00D3B200E1010E /* Ressources */ = {
			isa = PBXGroup;
			children = (
				DB8C4B722BFE7755008E3335 /* Assets.xcassets */,
				DB61A29F2C00D3A600E1010E /* banks.json */,
			);
			path = Ressources;
			sourceTree = "<group>";
		};
		DB61A2A42C0103D800E1010E /* View */ = {
			isa = PBXGroup;
			children = (
				DB61A2792BFFE62000E1010E /* MyAccountsView.swift */,
				DB61A2A52C0103F300E1010E /* BankAccountRowView.swift */,
			);
			path = View;
			sourceTree = "<group>";
		};
		DB61A2AA2C01049100E1010E /* ViewModel */ = {
			isa = PBXGroup;
			children = (
				DB61A2A22C00D46C00E1010E /* MyAccountsViewModel.swift */,
			);
			path = ViewModel;
			sourceTree = "<group>";
		};
		DB61A2AD2C012AF300E1010E /* UIComponents */ = {
			isa = PBXGroup;
			children = (
				DB61A2A82C01045300E1010E /* AccountRowView.swift */,
				DB61A2AB2C012A8300E1010E /* AccountSection.swift */,
				DB9D906F2C06927E0003AC80 /* ErrorView.swift */,
			);
			path = UIComponents;
			sourceTree = "<group>";
		};
		DB61A2AE2C0211C300E1010E /* AccountDetail */ = {
			isa = PBXGroup;
			children = (
				DB61A2B12C02120800E1010E /* View */,
				DB61A2B22C02121E00E1010E /* ViewModel */,
			);
			path = AccountDetail;
			sourceTree = "<group>";
		};
		DB61A2B12C02120800E1010E /* View */ = {
			isa = PBXGroup;
			children = (
				DB61A2AF2C0211F800E1010E /* AccountDetailView.swift */,
				DB61A2BA2C0231DA00E1010E /* OperationRowView.swift */,
			);
			path = View;
			sourceTree = "<group>";
		};
		DB61A2B22C02121E00E1010E /* ViewModel */ = {
			isa = PBXGroup;
			children = (
				DB61A2B32C02124800E1010E /* AccountDetailViewModel.swift */,
			);
			path = ViewModel;
			sourceTree = "<group>";
		};
		DB61A2B72C02146A00E1010E /* Helper */ = {
			isa = PBXGroup;
			children = (
				DB61A2B52C02141700E1010E /* MockData.swift */,
			);
			path = Helper;
			sourceTree = "<group>";
		};
		DB8C4B622BFE7751008E3335 = {
			isa = PBXGroup;
			children = (
				DB8C4B6D2BFE7752008E3335 /* Banks */,
				DB8C4B7E2BFE7756008E3335 /* BanksTests */,
				DB8C4B882BFE7756008E3335 /* BanksUITests */,
				DB8C4B6C2BFE7752008E3335 /* Products */,
				DBA143202C05ED1F00784A47 /* Frameworks */,
			);
			sourceTree = "<group>";
		};
		DB8C4B6C2BFE7752008E3335 /* Products */ = {
			isa = PBXGroup;
			children = (
				DB8C4B6B2BFE7752008E3335 /* Banks.app */,
				DB8C4B7B2BFE7756008E3335 /* BanksTests.xctest */,
				DB8C4B852BFE7756008E3335 /* BanksUITests.xctest */,
			);
			name = Products;
			sourceTree = "<group>";
		};
		DB8C4B6D2BFE7752008E3335 /* Banks */ = {
			isa = PBXGroup;
			children = (
				DB61A2822BFFE9C800E1010E /* App */,
				DB61A2842BFFE9FD00E1010E /* Models */,
				DB61A2832BFFE9DF00E1010E /* Networking */,
				DBDE085E2C0395EC00DBC90F /* AppCoordinator */,
				DB61A2782BFFE60C00E1010E /* Screens */,
				DB61A2AD2C012AF300E1010E /* UIComponents */,
				DB61A2942BFFF5D100E1010E /* Utils */,
				DB61A2B72C02146A00E1010E /* Helper */,
				DB61A29A2BFFF7FE00E1010E /* Extensions */,
				DB61A2A12C00D3B200E1010E /* Ressources */,
				DB8C4B742BFE7755008E3335 /* Preview Content */,
			);
			path = Banks;
			sourceTree = "<group>";
		};
		DB8C4B742BFE7755008E3335 /* Preview Content */ = {
			isa = PBXGroup;
			children = (
				DB8C4B752BFE7755008E3335 /* Preview Assets.xcassets */,
			);
			path = "Preview Content";
			sourceTree = "<group>";
		};
		DB8C4B7E2BFE7756008E3335 /* BanksTests */ = {
			isa = PBXGroup;
			children = (
				DB67AB7F2C04AF3B003F06C8 /* MockEndPoint.swift */,
				DB9D903A2C063A580003AC80 /* MockApiClient.swift */,
				DB7239C42C0628FA0014A6BE /* APIClientTests.swift */,
				DB9D903C2C0643530003AC80 /* CoordinatorTests.swift */,
			);
			path = BanksTests;
			sourceTree = "<group>";
		};
		DB8C4B882BFE7756008E3335 /* BanksUITests */ = {
			isa = PBXGroup;
			children = (
				DB9D90532C0663420003AC80 /* RootViewUITests.swift */,
				DB8C4B8B2BFE7756008E3335 /* BanksUITestsLaunchTests.swift */,
			);
			path = BanksUITests;
			sourceTree = "<group>";
		};
		DBA143202C05ED1F00784A47 /* Frameworks */ = {
			isa = PBXGroup;
			children = (
			);
			name = Frameworks;
			sourceTree = "<group>";
		};
		DBDE085E2C0395EC00DBC90F /* AppCoordinator */ = {
			isa = PBXGroup;
			children = (
				DB67AB752C03EFF8003F06C8 /* Coordinator.swift */,
				DB67AB772C03F19A003F06C8 /* CoordinatorView.swift */,
			);
			path = AppCoordinator;
			sourceTree = "<group>";
		};
/* End PBXGroup section */

/* Begin PBXNativeTarget section */
		DB8C4B6A2BFE7752008E3335 /* Banks */ = {
			isa = PBXNativeTarget;
			buildConfigurationList = DB8C4B8F2BFE7756008E3335 /* Build configuration list for PBXNativeTarget "Banks" */;
			buildPhases = (
				DB8C4B672BFE7752008E3335 /* Sources */,
				DB8C4B682BFE7752008E3335 /* Frameworks */,
				DB8C4B692BFE7752008E3335 /* Resources */,
			);
			buildRules = (
			);
			dependencies = (
				DB25E8982C05F77F005B2652 /* PBXTargetDependency */,
				DB25E89A2C05F77F005B2652 /* PBXTargetDependency */,
				DBDE08652C03BB0B00DBC90F /* PBXTargetDependency */,
			);
			name = Banks;
			packageProductDependencies = (
			);
			productName = Banks;
			productReference = DB8C4B6B2BFE7752008E3335 /* Banks.app */;
			productType = "com.apple.product-type.application";
		};
		DB8C4B7A2BFE7756008E3335 /* BanksTests */ = {
			isa = PBXNativeTarget;
			buildConfigurationList = DB8C4B922BFE7756008E3335 /* Build configuration list for PBXNativeTarget "BanksTests" */;
			buildPhases = (
				DB8C4B772BFE7756008E3335 /* Sources */,
				DB8C4B782BFE7756008E3335 /* Frameworks */,
				DB8C4B792BFE7756008E3335 /* Resources */,
			);
			buildRules = (
			);
			dependencies = (
				DB8C4B7D2BFE7756008E3335 /* PBXTargetDependency */,
			);
			name = BanksTests;
			packageProductDependencies = (
			);
			productName = BanksTests;
			productReference = DB8C4B7B2BFE7756008E3335 /* BanksTests.xctest */;
			productType = "com.apple.product-type.bundle.unit-test";
		};
		DB8C4B842BFE7756008E3335 /* BanksUITests */ = {
			isa = PBXNativeTarget;
			buildConfigurationList = DB8C4B952BFE7756008E3335 /* Build configuration list for PBXNativeTarget "BanksUITests" */;
			buildPhases = (
				DB8C4B812BFE7756008E3335 /* Sources */,
				DB8C4B822BFE7756008E3335 /* Frameworks */,
				DB8C4B832BFE7756008E3335 /* Resources */,
			);
			buildRules = (
			);
			dependencies = (
				DB8C4B872BFE7756008E3335 /* PBXTargetDependency */,
			);
			name = BanksUITests;
			packageProductDependencies = (
			);
			productName = BanksUITests;
			productReference = DB8C4B852BFE7756008E3335 /* BanksUITests.xctest */;
			productType = "com.apple.product-type.bundle.ui-testing";
		};
/* End PBXNativeTarget section */

/* Begin PBXProject section */
		DB8C4B632BFE7751008E3335 /* Project object */ = {
			isa = PBXProject;
			attributes = {
				BuildIndependentTargetsInParallel = 1;
				LastSwiftUpdateCheck = 1540;
				LastUpgradeCheck = 1540;
				TargetAttributes = {
					DB8C4B6A2BFE7752008E3335 = {
						CreatedOnToolsVersion = 15.4;
					};
					DB8C4B7A2BFE7756008E3335 = {
						CreatedOnToolsVersion = 15.4;
						TestTargetID = DB8C4B6A2BFE7752008E3335;
					};
					DB8C4B842BFE7756008E3335 = {
						CreatedOnToolsVersion = 15.4;
						TestTargetID = DB8C4B6A2BFE7752008E3335;
					};
				};
			};
			buildConfigurationList = DB8C4B662BFE7751008E3335 /* Build configuration list for PBXProject "Banks" */;
			compatibilityVersion = "Xcode 14.0";
			developmentRegion = en;
			hasScannedForEncodings = 0;
			knownRegions = (
				en,
				Base,
			);
			mainGroup = DB8C4B622BFE7751008E3335;
			packageReferences = (
			);
			productRefGroup = DB8C4B6C2BFE7752008E3335 /* Products */;
			projectDirPath = "";
			projectRoot = "";
			targets = (
				DB8C4B6A2BFE7752008E3335 /* Banks */,
				DB8C4B7A2BFE7756008E3335 /* BanksTests */,
				DB8C4B842BFE7756008E3335 /* BanksUITests */,
			);
		};
/* End PBXProject section */

/* Begin PBXResourcesBuildPhase section */
		DB8C4B692BFE7752008E3335 /* Resources */ = {
			isa = PBXResourcesBuildPhase;
			buildActionMask = 2147483647;
			files = (
				DB8C4B762BFE7755008E3335 /* Preview Assets.xcassets in Resources */,
				DB61A2A02C00D3A700E1010E /* banks.json in Resources */,
				DB8C4B732BFE7755008E3335 /* Assets.xcassets in Resources */,
			);
			runOnlyForDeploymentPostprocessing = 0;
		};
		DB8C4B792BFE7756008E3335 /* Resources */ = {
			isa = PBXResourcesBuildPhase;
			buildActionMask = 2147483647;
			files = (
			);
			runOnlyForDeploymentPostprocessing = 0;
		};
		DB8C4B832BFE7756008E3335 /* Resources */ = {
			isa = PBXResourcesBuildPhase;
			buildActionMask = 2147483647;
			files = (
			);
			runOnlyForDeploymentPostprocessing = 0;
		};
/* End PBXResourcesBuildPhase section */

/* Begin PBXSourcesBuildPhase section */
		DB8C4B672BFE7752008E3335 /* Sources */ = {
			isa = PBXSourcesBuildPhase;
			buildActionMask = 2147483647;
			files = (
				DB61A28D2BFFF4FD00E1010E /* ApiClient.swift in Sources */,
				DB61A2AC2C012A8300E1010E /* AccountSection.swift in Sources */,
				DB61A2A32C00D46C00E1010E /* MyAccountsViewModel.swift in Sources */,
				DB61A2952BFFF5D100E1010E /* Constants.swift in Sources */,
				DB8C4B712BFE7752008E3335 /* ContentView.swift in Sources */,
				DB61A2A92C01045300E1010E /* AccountRowView.swift in Sources */,
				DB8C4B6F2BFE7752008E3335 /* BanksApp.swift in Sources */,
				DB61A2BD2C02917100E1010E /* Date+extension.swift in Sources */,
				DB61A28F2BFFF4FD00E1010E /* EndPoint.swift in Sources */,
				DB61A2BB2C0231DA00E1010E /* OperationRowView.swift in Sources */,
				DB67AB762C03EFF8003F06C8 /* Coordinator.swift in Sources */,
				DB9D90702C06927E0003AC80 /* ErrorView.swift in Sources */,
				DB67AB782C03F19B003F06C8 /* CoordinatorView.swift in Sources */,
				DB61A2B62C02141700E1010E /* MockData.swift in Sources */,
				DB61A28E2BFFF4FD00E1010E /* AccountsClient.swift in Sources */,
				DB61A2B42C02124800E1010E /* AccountDetailViewModel.swift in Sources */,
				DB67AB7E2C0499E4003F06C8 /* ApiConfig.swift in Sources */,
				DB61A27E2BFFE65800E1010E /* UpToYouView.swift in Sources */,
				DB61A29C2BFFF7FE00E1010E /* Data+extension.swift in Sources */,
				DB61A27A2BFFE62000E1010E /* MyAccountsView.swift in Sources */,
				DB61A2902BFFF4FD00E1010E /* AccountsEndPoint.swift in Sources */,
				DB61A2862BFFEE8800E1010E /* BanksResponse.swift in Sources */,
				DB61A27C2BFFE64300E1010E /* SimulationView.swift in Sources */,
				DB61A2B92C02224200E1010E /* String+extension.swift in Sources */,
				DB61A2B02C0211F800E1010E /* AccountDetailView.swift in Sources */,
				DB61A2A62C0103F300E1010E /* BankAccountRowView.swift in Sources */,
			);
			runOnlyForDeploymentPostprocessing = 0;
		};
		DB8C4B772BFE7756008E3335 /* Sources */ = {
			isa = PBXSourcesBuildPhase;
			buildActionMask = 2147483647;
			files = (
				DB9D90492C065A690003AC80 /* AccountsClient.swift in Sources */,
				DB9D903D2C0643530003AC80 /* CoordinatorTests.swift in Sources */,
				DB9D904A2C065A800003AC80 /* MyAccountsView.swift in Sources */,
				DB9D90432C0657A10003AC80 /* ContentView.swift in Sources */,
				DBA143252C05EE3700784A47 /* MockEndPoint.swift in Sources */,
				DBD6FC442C060043008079E7 /* EndPoint.swift in Sources */,
				DB9D90452C0657DD0003AC80 /* MockData.swift in Sources */,
				DB9D90442C0657BD0003AC80 /* BanksResponse.swift in Sources */,
				DB9D90482C065A4B0003AC80 /* MyAccountsViewModel.swift in Sources */,
				DB9D90472C065A1D0003AC80 /* AccountDetailViewModel.swift in Sources */,
				DB9D90502C065B430003AC80 /* AccountsEndPoint.swift in Sources */,
				DB9D90722C069E470003AC80 /* ErrorView.swift in Sources */,
				DB9D903B2C063A580003AC80 /* MockApiClient.swift in Sources */,
				DB9D90462C06593A0003AC80 /* OperationRowView.swift in Sources */,
				DB9D904E2C065B1B0003AC80 /* UpToYouView.swift in Sources */,
				DB7239C62C062A3E0014A6BE /* ApiClient.swift in Sources */,
				DB9D90402C0648380003AC80 /* AccountDetailView.swift in Sources */,
				DB9D904F2C065B380003AC80 /* AccountSection.swift in Sources */,
				DB7239C52C0628FA0014A6BE /* APIClientTests.swift in Sources */,
				DB9D904B2C065AA60003AC80 /* Date+extension.swift in Sources */,
				DB9D904C2C065AB80003AC80 /* String+extension.swift in Sources */,
				DBD6FC462C060059008079E7 /* ApiConfig.swift in Sources */,
				DB9D904D2C065AC90003AC80 /* SimulationView.swift in Sources */,
				DB9D90512C065B5A0003AC80 /* BankAccountRowView.swift in Sources */,
				DB9D90522C065B720003AC80 /* AccountRowView.swift in Sources */,
				DB9D90392C0639B90003AC80 /* Constants.swift in Sources */,
				DB9D903E2C0643ED0003AC80 /* Coordinator.swift in Sources */,
				DB9D90662C066CDB0003AC80 /* Data+extension.swift in Sources */,
			);
			runOnlyForDeploymentPostprocessing = 0;
		};
		DB8C4B812BFE7756008E3335 /* Sources */ = {
			isa = PBXSourcesBuildPhase;
			buildActionMask = 2147483647;
			files = (
				DB9D90622C066C890003AC80 /* AccountSection.swift in Sources */,
				DB9D905E2C066C720003AC80 /* AccountDetailViewModel.swift in Sources */,
				DB9D90592C066C5F0003AC80 /* MyAccountsView.swift in Sources */,
				DB9D905D2C066C6E0003AC80 /* OperationRowView.swift in Sources */,
				DB9D90692C066D190003AC80 /* AccountsClient.swift in Sources */,
				DB9D90552C066B840003AC80 /* Coordinator.swift in Sources */,
				DB9D90672C066D110003AC80 /* ApiConfig.swift in Sources */,
				DB9D905B2C066C670003AC80 /* MyAccountsViewModel.swift in Sources */,
				DB8C4B8C2BFE7756008E3335 /* BanksUITestsLaunchTests.swift in Sources */,
				DB9D90582C066C5B0003AC80 /* ContentView.swift in Sources */,
				DB9D905C2C066C6B0003AC80 /* AccountDetailView.swift in Sources */,
				DB9D90712C069E450003AC80 /* ErrorView.swift in Sources */,
				DB9D90542C0663420003AC80 /* RootViewUITests.swift in Sources */,
				DB9D90682C066D150003AC80 /* ApiClient.swift in Sources */,
				DB9D90572C066C490003AC80 /* BanksResponse.swift in Sources */,
				DB9D906B2C066D210003AC80 /* AccountsEndPoint.swift in Sources */,
				DB9D905F2C066C770003AC80 /* SimulationView.swift in Sources */,
				DB9D905A2C066C640003AC80 /* BankAccountRowView.swift in Sources */,
				DB9D90562C066BD60003AC80 /* MockData.swift in Sources */,
				DB9D906A2C066D1D0003AC80 /* EndPoint.swift in Sources */,
				DB9D90642C066CD00003AC80 /* Date+extension.swift in Sources */,
				DB9D906C2C066D770003AC80 /* Data+extension.swift in Sources */,
				DB9D90652C066CD30003AC80 /* String+extension.swift in Sources */,
				DB9D90602C066C7A0003AC80 /* UpToYouView.swift in Sources */,
				DB9D90612C066C850003AC80 /* AccountRowView.swift in Sources */,
				DB9D90632C066C930003AC80 /* Constants.swift in Sources */,
			);
			runOnlyForDeploymentPostprocessing = 0;
		};
/* End PBXSourcesBuildPhase section */

/* Begin PBXTargetDependency section */
		DB25E8982C05F77F005B2652 /* PBXTargetDependency */ = {
			isa = PBXTargetDependency;
			productRef = DB25E8972C05F77F005B2652 /* LintError */;
		};
		DB25E89A2C05F77F005B2652 /* PBXTargetDependency */ = {
			isa = PBXTargetDependency;
			productRef = DB25E8992C05F77F005B2652 /* LintWarning */;
		};
		DB8C4B7D2BFE7756008E3335 /* PBXTargetDependency */ = {
			isa = PBXTargetDependency;
			target = DB8C4B6A2BFE7752008E3335 /* Banks */;
			targetProxy = DB8C4B7C2BFE7756008E3335 /* PBXContainerItemProxy */;
		};
		DB8C4B872BFE7756008E3335 /* PBXTargetDependency */ = {
			isa = PBXTargetDependency;
			target = DB8C4B6A2BFE7752008E3335 /* Banks */;
			targetProxy = DB8C4B862BFE7756008E3335 /* PBXContainerItemProxy */;
		};
		DBDE08652C03BB0B00DBC90F /* PBXTargetDependency */ = {
			isa = PBXTargetDependency;
			productRef = DBDE08642C03BB0B00DBC90F /* SwiftLintBuildToolPlugin */;
		};
/* End PBXTargetDependency section */

/* Begin XCBuildConfiguration section */
		DB8C4B8D2BFE7756008E3335 /* Debug */ = {
			isa = XCBuildConfiguration;
			buildSettings = {
				ALWAYS_SEARCH_USER_PATHS = NO;
				ASSETCATALOG_COMPILER_GENERATE_SWIFT_ASSET_SYMBOL_EXTENSIONS = YES;
				CLANG_ANALYZER_NONNULL = YES;
				CLANG_ANALYZER_NUMBER_OBJECT_CONVERSION = YES_AGGRESSIVE;
				CLANG_CXX_LANGUAGE_STANDARD = "gnu++20";
				CLANG_ENABLE_MODULES = YES;
				CLANG_ENABLE_OBJC_ARC = YES;
				CLANG_ENABLE_OBJC_WEAK = YES;
				CLANG_WARN_BLOCK_CAPTURE_AUTORELEASING = YES;
				CLANG_WARN_BOOL_CONVERSION = YES;
				CLANG_WARN_COMMA = YES;
				CLANG_WARN_CONSTANT_CONVERSION = YES;
				CLANG_WARN_DEPRECATED_OBJC_IMPLEMENTATIONS = YES;
				CLANG_WARN_DIRECT_OBJC_ISA_USAGE = YES_ERROR;
				CLANG_WARN_DOCUMENTATION_COMMENTS = YES;
				CLANG_WARN_EMPTY_BODY = YES;
				CLANG_WARN_ENUM_CONVERSION = YES;
				CLANG_WARN_INFINITE_RECURSION = YES;
				CLANG_WARN_INT_CONVERSION = YES;
				CLANG_WARN_NON_LITERAL_NULL_CONVERSION = YES;
				CLANG_WARN_OBJC_IMPLICIT_RETAIN_SELF = YES;
				CLANG_WARN_OBJC_LITERAL_CONVERSION = YES;
				CLANG_WARN_OBJC_ROOT_CLASS = YES_ERROR;
				CLANG_WARN_QUOTED_INCLUDE_IN_FRAMEWORK_HEADER = YES;
				CLANG_WARN_RANGE_LOOP_ANALYSIS = YES;
				CLANG_WARN_STRICT_PROTOTYPES = YES;
				CLANG_WARN_SUSPICIOUS_MOVE = YES;
				CLANG_WARN_UNGUARDED_AVAILABILITY = YES_AGGRESSIVE;
				CLANG_WARN_UNREACHABLE_CODE = YES;
				CLANG_WARN__DUPLICATE_METHOD_MATCH = YES;
				COPY_PHASE_STRIP = NO;
				DEBUG_INFORMATION_FORMAT = dwarf;
				ENABLE_STRICT_OBJC_MSGSEND = YES;
				ENABLE_TESTABILITY = YES;
				ENABLE_USER_SCRIPT_SANDBOXING = YES;
				GCC_C_LANGUAGE_STANDARD = gnu17;
				GCC_DYNAMIC_NO_PIC = NO;
				GCC_NO_COMMON_BLOCKS = YES;
				GCC_OPTIMIZATION_LEVEL = 0;
				GCC_PREPROCESSOR_DEFINITIONS = (
					"DEBUG=1",
					"$(inherited)",
				);
				GCC_WARN_64_TO_32_BIT_CONVERSION = YES;
				GCC_WARN_ABOUT_RETURN_TYPE = YES_ERROR;
				GCC_WARN_UNDECLARED_SELECTOR = YES;
				GCC_WARN_UNINITIALIZED_AUTOS = YES_AGGRESSIVE;
				GCC_WARN_UNUSED_FUNCTION = YES;
				GCC_WARN_UNUSED_VARIABLE = YES;
				IPHONEOS_DEPLOYMENT_TARGET = 17.5;
				LOCALIZATION_PREFERS_STRING_CATALOGS = YES;
				MTL_ENABLE_DEBUG_INFO = INCLUDE_SOURCE;
				MTL_FAST_MATH = YES;
				ONLY_ACTIVE_ARCH = YES;
				SDKROOT = iphoneos;
				SWIFT_ACTIVE_COMPILATION_CONDITIONS = "DEBUG $(inherited)";
				SWIFT_OPTIMIZATION_LEVEL = "-Onone";
			};
			name = Debug;
		};
		DB8C4B8E2BFE7756008E3335 /* Release */ = {
			isa = XCBuildConfiguration;
			buildSettings = {
				ALWAYS_SEARCH_USER_PATHS = NO;
				ASSETCATALOG_COMPILER_GENERATE_SWIFT_ASSET_SYMBOL_EXTENSIONS = YES;
				CLANG_ANALYZER_NONNULL = YES;
				CLANG_ANALYZER_NUMBER_OBJECT_CONVERSION = YES_AGGRESSIVE;
				CLANG_CXX_LANGUAGE_STANDARD = "gnu++20";
				CLANG_ENABLE_MODULES = YES;
				CLANG_ENABLE_OBJC_ARC = YES;
				CLANG_ENABLE_OBJC_WEAK = YES;
				CLANG_WARN_BLOCK_CAPTURE_AUTORELEASING = YES;
				CLANG_WARN_BOOL_CONVERSION = YES;
				CLANG_WARN_COMMA = YES;
				CLANG_WARN_CONSTANT_CONVERSION = YES;
				CLANG_WARN_DEPRECATED_OBJC_IMPLEMENTATIONS = YES;
				CLANG_WARN_DIRECT_OBJC_ISA_USAGE = YES_ERROR;
				CLANG_WARN_DOCUMENTATION_COMMENTS = YES;
				CLANG_WARN_EMPTY_BODY = YES;
				CLANG_WARN_ENUM_CONVERSION = YES;
				CLANG_WARN_INFINITE_RECURSION = YES;
				CLANG_WARN_INT_CONVERSION = YES;
				CLANG_WARN_NON_LITERAL_NULL_CONVERSION = YES;
				CLANG_WARN_OBJC_IMPLICIT_RETAIN_SELF = YES;
				CLANG_WARN_OBJC_LITERAL_CONVERSION = YES;
				CLANG_WARN_OBJC_ROOT_CLASS = YES_ERROR;
				CLANG_WARN_QUOTED_INCLUDE_IN_FRAMEWORK_HEADER = YES;
				CLANG_WARN_RANGE_LOOP_ANALYSIS = YES;
				CLANG_WARN_STRICT_PROTOTYPES = YES;
				CLANG_WARN_SUSPICIOUS_MOVE = YES;
				CLANG_WARN_UNGUARDED_AVAILABILITY = YES_AGGRESSIVE;
				CLANG_WARN_UNREACHABLE_CODE = YES;
				CLANG_WARN__DUPLICATE_METHOD_MATCH = YES;
				COPY_PHASE_STRIP = NO;
				DEBUG_INFORMATION_FORMAT = "dwarf-with-dsym";
				ENABLE_NS_ASSERTIONS = NO;
				ENABLE_STRICT_OBJC_MSGSEND = YES;
				ENABLE_USER_SCRIPT_SANDBOXING = YES;
				GCC_C_LANGUAGE_STANDARD = gnu17;
				GCC_NO_COMMON_BLOCKS = YES;
				GCC_WARN_64_TO_32_BIT_CONVERSION = YES;
				GCC_WARN_ABOUT_RETURN_TYPE = YES_ERROR;
				GCC_WARN_UNDECLARED_SELECTOR = YES;
				GCC_WARN_UNINITIALIZED_AUTOS = YES_AGGRESSIVE;
				GCC_WARN_UNUSED_FUNCTION = YES;
				GCC_WARN_UNUSED_VARIABLE = YES;
				IPHONEOS_DEPLOYMENT_TARGET = 17.5;
				LOCALIZATION_PREFERS_STRING_CATALOGS = YES;
				MTL_ENABLE_DEBUG_INFO = NO;
				MTL_FAST_MATH = YES;
				SDKROOT = iphoneos;
				SWIFT_COMPILATION_MODE = wholemodule;
				VALIDATE_PRODUCT = YES;
			};
			name = Release;
		};
		DB8C4B902BFE7756008E3335 /* Debug */ = {
			isa = XCBuildConfiguration;
			buildSettings = {
				ASSETCATALOG_COMPILER_APPICON_NAME = AppIcon;
				ASSETCATALOG_COMPILER_GLOBAL_ACCENT_COLOR_NAME = AccentColor;
				CODE_SIGN_STYLE = Automatic;
				CURRENT_PROJECT_VERSION = 1;
				DEVELOPMENT_ASSET_PATHS = "\"Banks/Preview Content\"";
				DEVELOPMENT_TEAM = B2V5A5T266;
				ENABLE_PREVIEWS = YES;
				GENERATE_INFOPLIST_FILE = YES;
				INFOPLIST_KEY_UIApplicationSceneManifest_Generation = YES;
				INFOPLIST_KEY_UIApplicationSupportsIndirectInputEvents = YES;
				INFOPLIST_KEY_UILaunchScreen_Generation = YES;
				INFOPLIST_KEY_UISupportedInterfaceOrientations_iPad = "UIInterfaceOrientationPortrait UIInterfaceOrientationPortraitUpsideDown UIInterfaceOrientationLandscapeLeft UIInterfaceOrientationLandscapeRight";
				INFOPLIST_KEY_UISupportedInterfaceOrientations_iPhone = "UIInterfaceOrientationPortrait UIInterfaceOrientationLandscapeLeft UIInterfaceOrientationLandscapeRight";
				LD_RUNPATH_SEARCH_PATHS = (
					"$(inherited)",
					"@executable_path/Frameworks",
				);
				MARKETING_VERSION = 1.0;
				PRODUCT_BUNDLE_IDENTIFIER = benabdessalemwajih.dev.Banks;
				PRODUCT_NAME = "$(TARGET_NAME)";
				SUPPORTED_PLATFORMS = "iphoneos iphonesimulator";
				SUPPORTS_MACCATALYST = NO;
				SUPPORTS_MAC_DESIGNED_FOR_IPHONE_IPAD = NO;
				SUPPORTS_XR_DESIGNED_FOR_IPHONE_IPAD = NO;
				SWIFT_EMIT_LOC_STRINGS = YES;
				SWIFT_VERSION = 5.0;
				TARGETED_DEVICE_FAMILY = "1,2";
			};
			name = Debug;
		};
		DB8C4B912BFE7756008E3335 /* Release */ = {
			isa = XCBuildConfiguration;
			buildSettings = {
				ASSETCATALOG_COMPILER_APPICON_NAME = AppIcon;
				ASSETCATALOG_COMPILER_GLOBAL_ACCENT_COLOR_NAME = AccentColor;
				CODE_SIGN_STYLE = Automatic;
				CURRENT_PROJECT_VERSION = 1;
				DEVELOPMENT_ASSET_PATHS = "\"Banks/Preview Content\"";
				DEVELOPMENT_TEAM = B2V5A5T266;
				ENABLE_PREVIEWS = YES;
				GENERATE_INFOPLIST_FILE = YES;
				INFOPLIST_KEY_UIApplicationSceneManifest_Generation = YES;
				INFOPLIST_KEY_UIApplicationSupportsIndirectInputEvents = YES;
				INFOPLIST_KEY_UILaunchScreen_Generation = YES;
				INFOPLIST_KEY_UISupportedInterfaceOrientations_iPad = "UIInterfaceOrientationPortrait UIInterfaceOrientationPortraitUpsideDown UIInterfaceOrientationLandscapeLeft UIInterfaceOrientationLandscapeRight";
				INFOPLIST_KEY_UISupportedInterfaceOrientations_iPhone = "UIInterfaceOrientationPortrait UIInterfaceOrientationLandscapeLeft UIInterfaceOrientationLandscapeRight";
				LD_RUNPATH_SEARCH_PATHS = (
					"$(inherited)",
					"@executable_path/Frameworks",
				);
				MARKETING_VERSION = 1.0;
				PRODUCT_BUNDLE_IDENTIFIER = benabdessalemwajih.dev.Banks;
				PRODUCT_NAME = "$(TARGET_NAME)";
				SUPPORTED_PLATFORMS = "iphoneos iphonesimulator";
				SUPPORTS_MACCATALYST = NO;
				SUPPORTS_MAC_DESIGNED_FOR_IPHONE_IPAD = NO;
				SUPPORTS_XR_DESIGNED_FOR_IPHONE_IPAD = NO;
				SWIFT_EMIT_LOC_STRINGS = YES;
				SWIFT_VERSION = 5.0;
				TARGETED_DEVICE_FAMILY = "1,2";
			};
			name = Release;
		};
		DB8C4B932BFE7756008E3335 /* Debug */ = {
			isa = XCBuildConfiguration;
			buildSettings = {
				ALWAYS_EMBED_SWIFT_STANDARD_LIBRARIES = YES;
				BUNDLE_LOADER = "$(TEST_HOST)";
				CODE_SIGN_STYLE = Automatic;
				CURRENT_PROJECT_VERSION = 1;
				DEVELOPMENT_TEAM = B2V5A5T266;
				GENERATE_INFOPLIST_FILE = YES;
				IPHONEOS_DEPLOYMENT_TARGET = 17.5;
				MARKETING_VERSION = 1.0;
				PRODUCT_BUNDLE_IDENTIFIER = benabdessalemwajih.dev.BanksTests;
				PRODUCT_NAME = "$(TARGET_NAME)";
				SUPPORTED_PLATFORMS = "iphoneos iphonesimulator";
				SUPPORTS_MACCATALYST = NO;
				SUPPORTS_MAC_DESIGNED_FOR_IPHONE_IPAD = NO;
				SUPPORTS_XR_DESIGNED_FOR_IPHONE_IPAD = NO;
				SWIFT_EMIT_LOC_STRINGS = NO;
				SWIFT_VERSION = 5.0;
				TARGETED_DEVICE_FAMILY = "1,2";
				TEST_HOST = "$(BUILT_PRODUCTS_DIR)/Banks.app/$(BUNDLE_EXECUTABLE_FOLDER_PATH)/Banks";
			};
			name = Debug;
		};
		DB8C4B942BFE7756008E3335 /* Release */ = {
			isa = XCBuildConfiguration;
			buildSettings = {
				ALWAYS_EMBED_SWIFT_STANDARD_LIBRARIES = YES;
				BUNDLE_LOADER = "$(TEST_HOST)";
				CODE_SIGN_STYLE = Automatic;
				CURRENT_PROJECT_VERSION = 1;
				DEVELOPMENT_TEAM = B2V5A5T266;
				GENERATE_INFOPLIST_FILE = YES;
				IPHONEOS_DEPLOYMENT_TARGET = 17.5;
				MARKETING_VERSION = 1.0;
				PRODUCT_BUNDLE_IDENTIFIER = benabdessalemwajih.dev.BanksTests;
				PRODUCT_NAME = "$(TARGET_NAME)";
				SUPPORTED_PLATFORMS = "iphoneos iphonesimulator";
				SUPPORTS_MACCATALYST = NO;
				SUPPORTS_MAC_DESIGNED_FOR_IPHONE_IPAD = NO;
				SUPPORTS_XR_DESIGNED_FOR_IPHONE_IPAD = NO;
				SWIFT_EMIT_LOC_STRINGS = NO;
				SWIFT_VERSION = 5.0;
				TARGETED_DEVICE_FAMILY = "1,2";
				TEST_HOST = "$(BUILT_PRODUCTS_DIR)/Banks.app/$(BUNDLE_EXECUTABLE_FOLDER_PATH)/Banks";
			};
			name = Release;
		};
		DB8C4B962BFE7756008E3335 /* Debug */ = {
			isa = XCBuildConfiguration;
			buildSettings = {
				ALWAYS_EMBED_SWIFT_STANDARD_LIBRARIES = YES;
				CODE_SIGN_STYLE = Automatic;
				CURRENT_PROJECT_VERSION = 1;
				DEVELOPMENT_TEAM = B2V5A5T266;
				GENERATE_INFOPLIST_FILE = YES;
				MARKETING_VERSION = 1.0;
				PRODUCT_BUNDLE_IDENTIFIER = benabdessalemwajih.dev.BanksUITests;
				PRODUCT_NAME = "$(TARGET_NAME)";
				SUPPORTED_PLATFORMS = "iphoneos iphonesimulator";
				SUPPORTS_MACCATALYST = NO;
				SUPPORTS_MAC_DESIGNED_FOR_IPHONE_IPAD = NO;
				SUPPORTS_XR_DESIGNED_FOR_IPHONE_IPAD = NO;
				SWIFT_EMIT_LOC_STRINGS = NO;
				SWIFT_VERSION = 5.0;
				TARGETED_DEVICE_FAMILY = "1,2";
				TEST_TARGET_NAME = Banks;
			};
			name = Debug;
		};
		DB8C4B972BFE7756008E3335 /* Release */ = {
			isa = XCBuildConfiguration;
			buildSettings = {
				ALWAYS_EMBED_SWIFT_STANDARD_LIBRARIES = YES;
				CODE_SIGN_STYLE = Automatic;
				CURRENT_PROJECT_VERSION = 1;
				DEVELOPMENT_TEAM = B2V5A5T266;
				GENERATE_INFOPLIST_FILE = YES;
				MARKETING_VERSION = 1.0;
				PRODUCT_BUNDLE_IDENTIFIER = benabdessalemwajih.dev.BanksUITests;
				PRODUCT_NAME = "$(TARGET_NAME)";
				SUPPORTED_PLATFORMS = "iphoneos iphonesimulator";
				SUPPORTS_MACCATALYST = NO;
				SUPPORTS_MAC_DESIGNED_FOR_IPHONE_IPAD = NO;
				SUPPORTS_XR_DESIGNED_FOR_IPHONE_IPAD = NO;
				SWIFT_EMIT_LOC_STRINGS = NO;
				SWIFT_VERSION = 5.0;
				TARGETED_DEVICE_FAMILY = "1,2";
				TEST_TARGET_NAME = Banks;
			};
			name = Release;
		};
/* End XCBuildConfiguration section */

/* Begin XCConfigurationList section */
		DB8C4B662BFE7751008E3335 /* Build configuration list for PBXProject "Banks" */ = {
			isa = XCConfigurationList;
			buildConfigurations = (
				DB8C4B8D2BFE7756008E3335 /* Debug */,
				DB8C4B8E2BFE7756008E3335 /* Release */,
			);
			defaultConfigurationIsVisible = 0;
			defaultConfigurationName = Release;
		};
		DB8C4B8F2BFE7756008E3335 /* Build configuration list for PBXNativeTarget "Banks" */ = {
			isa = XCConfigurationList;
			buildConfigurations = (
				DB8C4B902BFE7756008E3335 /* Debug */,
				DB8C4B912BFE7756008E3335 /* Release */,
			);
			defaultConfigurationIsVisible = 0;
			defaultConfigurationName = Release;
		};
		DB8C4B922BFE7756008E3335 /* Build configuration list for PBXNativeTarget "BanksTests" */ = {
			isa = XCConfigurationList;
			buildConfigurations = (
				DB8C4B932BFE7756008E3335 /* Debug */,
				DB8C4B942BFE7756008E3335 /* Release */,
			);
			defaultConfigurationIsVisible = 0;
			defaultConfigurationName = Release;
		};
		DB8C4B952BFE7756008E3335 /* Build configuration list for PBXNativeTarget "BanksUITests" */ = {
			isa = XCConfigurationList;
			buildConfigurations = (
				DB8C4B962BFE7756008E3335 /* Debug */,
				DB8C4B972BFE7756008E3335 /* Release */,
			);
			defaultConfigurationIsVisible = 0;
			defaultConfigurationName = Release;
		};
/* End XCConfigurationList section */

/* Begin XCRemoteSwiftPackageReference section */
		DB25E88D2C05F3D8005B2652 /* XCRemoteSwiftPackageReference "Quick" */ = {
			isa = XCRemoteSwiftPackageReference;
			repositoryURL = "https://github.com/Quick/Quick.git";
			requirement = {
				branch = main;
				kind = branch;
			};
		};
		DBDE085F2C03BAC400DBC90F /* XCRemoteSwiftPackageReference "SwiftLint" */ = {
			isa = XCRemoteSwiftPackageReference;
			repositoryURL = "https://github.com/realm/SwiftLint";
			requirement = {
				kind = upToNextMajorVersion;
				minimumVersion = 0.55.1;
			};
		};
/* End XCRemoteSwiftPackageReference section */

/* Begin XCSwiftPackageProductDependency section */
		DB25E8972C05F77F005B2652 /* LintError */ = {
			isa = XCSwiftPackageProductDependency;
			package = DB25E88D2C05F3D8005B2652 /* XCRemoteSwiftPackageReference "Quick" */;
			productName = "plugin:LintError";
		};
		DB25E8992C05F77F005B2652 /* LintWarning */ = {
			isa = XCSwiftPackageProductDependency;
			package = DB25E88D2C05F3D8005B2652 /* XCRemoteSwiftPackageReference "Quick" */;
			productName = "plugin:LintWarning";
		};
		DBDE08642C03BB0B00DBC90F /* SwiftLintBuildToolPlugin */ = {
			isa = XCSwiftPackageProductDependency;
			package = DBDE085F2C03BAC400DBC90F /* XCRemoteSwiftPackageReference "SwiftLint" */;
			productName = "plugin:SwiftLintBuildToolPlugin";
		};
/* End XCSwiftPackageProductDependency section */
	};
	rootObject = DB8C4B632BFE7751008E3335 /* Project object */;
}
